// !$*UTF8*$!
{
	archiveVersion = 1;
	classes = {
	};
	objectVersion = 55;
	objects = {

/* Begin PBXBuildFile section */
		784ACB4428594496001086AE /* SproutApp.swift in Sources */ = {isa = PBXBuildFile; fileRef = 784ACB4328594496001086AE /* SproutApp.swift */; };
		784ACB4828594497001086AE /* Assets.xcassets in Resources */ = {isa = PBXBuildFile; fileRef = 784ACB4728594497001086AE /* Assets.xcassets */; };
		784ACB4B28594497001086AE /* Preview Assets.xcassets in Resources */ = {isa = PBXBuildFile; fileRef = 784ACB4A28594497001086AE /* Preview Assets.xcassets */; };
		784ACB5028594497001086AE /* Sprout.xcdatamodeld in Sources */ = {isa = PBXBuildFile; fileRef = 784ACB4E28594497001086AE /* Sprout.xcdatamodeld */; };
		784ACB61285945C6001086AE /* Webservice.swift in Sources */ = {isa = PBXBuildFile; fileRef = 784ACB60285945C6001086AE /* Webservice.swift */; };
		784ACB6328595043001086AE /* CoreDataManager.swift in Sources */ = {isa = PBXBuildFile; fileRef = 784ACB6228595043001086AE /* CoreDataManager.swift */; };
		784ACB65285953CA001086AE /* Constants.swift in Sources */ = {isa = PBXBuildFile; fileRef = 784ACB64285953CA001086AE /* Constants.swift */; };
		784ACB67285954A0001086AE /* Views+Extensions.swift in Sources */ = {isa = PBXBuildFile; fileRef = 784ACB66285954A0001086AE /* Views+Extensions.swift */; };
		784ACB69285954D0001086AE /* VegetableDTO.swift in Sources */ = {isa = PBXBuildFile; fileRef = 784ACB68285954D0001086AE /* VegetableDTO.swift */; };
		784ACB6B2859550C001086AE /* AboutUs.swift in Sources */ = {isa = PBXBuildFile; fileRef = 784ACB6A2859550C001086AE /* AboutUs.swift */; };
		784ACB6D2859553A001086AE /* TwoColumnView.swift in Sources */ = {isa = PBXBuildFile; fileRef = 784ACB6C2859553A001086AE /* TwoColumnView.swift */; };
		784ACB6F28595562001086AE /* DescriptionViews.swift in Sources */ = {isa = PBXBuildFile; fileRef = 784ACB6E28595562001086AE /* DescriptionViews.swift */; };
		784ACB7128595638001086AE /* VegetableListScreen.swift in Sources */ = {isa = PBXBuildFile; fileRef = 784ACB7028595638001086AE /* VegetableListScreen.swift */; };
		784ACB7328595681001086AE /* MainScreen.swift in Sources */ = {isa = PBXBuildFile; fileRef = 784ACB7228595681001086AE /* MainScreen.swift */; };
		784ACB752859569C001086AE /* VegetableDetailScreen.swift in Sources */ = {isa = PBXBuildFile; fileRef = 784ACB742859569C001086AE /* VegetableDetailScreen.swift */; };
		784ACB772859590E001086AE /* VegetableListViewModel.swift in Sources */ = {isa = PBXBuildFile; fileRef = 784ACB762859590E001086AE /* VegetableListViewModel.swift */; };
/* End PBXBuildFile section */

/* Begin PBXFileReference section */
		784ACB4028594496001086AE /* Sprout.app */ = {isa = PBXFileReference; explicitFileType = wrapper.application; includeInIndex = 0; path = Sprout.app; sourceTree = BUILT_PRODUCTS_DIR; };
		784ACB4328594496001086AE /* SproutApp.swift */ = {isa = PBXFileReference; lastKnownFileType = sourcecode.swift; path = SproutApp.swift; sourceTree = "<group>"; };
		784ACB4728594497001086AE /* Assets.xcassets */ = {isa = PBXFileReference; lastKnownFileType = folder.assetcatalog; path = Assets.xcassets; sourceTree = "<group>"; };
		784ACB4A28594497001086AE /* Preview Assets.xcassets */ = {isa = PBXFileReference; lastKnownFileType = folder.assetcatalog; path = "Preview Assets.xcassets"; sourceTree = "<group>"; };
		784ACB4F28594497001086AE /* Sprout.xcdatamodel */ = {isa = PBXFileReference; lastKnownFileType = wrapper.xcdatamodel; path = Sprout.xcdatamodel; sourceTree = "<group>"; };
		784ACB60285945C6001086AE /* Webservice.swift */ = {isa = PBXFileReference; lastKnownFileType = sourcecode.swift; path = Webservice.swift; sourceTree = "<group>"; };
		784ACB6228595043001086AE /* CoreDataManager.swift */ = {isa = PBXFileReference; lastKnownFileType = sourcecode.swift; path = CoreDataManager.swift; sourceTree = "<group>"; };
		784ACB64285953CA001086AE /* Constants.swift */ = {isa = PBXFileReference; lastKnownFileType = sourcecode.swift; path = Constants.swift; sourceTree = "<group>"; };
		784ACB66285954A0001086AE /* Views+Extensions.swift */ = {isa = PBXFileReference; lastKnownFileType = sourcecode.swift; path = "Views+Extensions.swift"; sourceTree = "<group>"; };
		784ACB68285954D0001086AE /* VegetableDTO.swift */ = {isa = PBXFileReference; lastKnownFileType = sourcecode.swift; path = VegetableDTO.swift; sourceTree = "<group>"; };
		784ACB6A2859550C001086AE /* AboutUs.swift */ = {isa = PBXFileReference; lastKnownFileType = sourcecode.swift; path = AboutUs.swift; sourceTree = "<group>"; };
		784ACB6C2859553A001086AE /* TwoColumnView.swift */ = {isa = PBXFileReference; lastKnownFileType = sourcecode.swift; path = TwoColumnView.swift; sourceTree = "<group>"; };
		784ACB6E28595562001086AE /* DescriptionViews.swift */ = {isa = PBXFileReference; lastKnownFileType = sourcecode.swift; path = DescriptionViews.swift; sourceTree = "<group>"; };
		784ACB7028595638001086AE /* VegetableListScreen.swift */ = {isa = PBXFileReference; lastKnownFileType = sourcecode.swift; path = VegetableListScreen.swift; sourceTree = "<group>"; };
		784ACB7228595681001086AE /* MainScreen.swift */ = {isa = PBXFileReference; lastKnownFileType = sourcecode.swift; path = MainScreen.swift; sourceTree = "<group>"; };
		784ACB742859569C001086AE /* VegetableDetailScreen.swift */ = {isa = PBXFileReference; lastKnownFileType = sourcecode.swift; path = VegetableDetailScreen.swift; sourceTree = "<group>"; };
		784ACB762859590E001086AE /* VegetableListViewModel.swift */ = {isa = PBXFileReference; lastKnownFileType = sourcecode.swift; path = VegetableListViewModel.swift; sourceTree = "<group>"; };
		784ACB7828595A3E001086AE /* Info.plist */ = {isa = PBXFileReference; lastKnownFileType = text.plist; path = Info.plist; sourceTree = "<group>"; };
/* End PBXFileReference section */

/* Begin PBXFrameworksBuildPhase section */
		784ACB3D28594496001086AE /* Frameworks */ = {
			isa = PBXFrameworksBuildPhase;
			buildActionMask = 2147483647;
			files = (
			);
			runOnlyForDeploymentPostprocessing = 0;
		};
/* End PBXFrameworksBuildPhase section */

/* Begin PBXGroup section */
		784ACB3728594496001086AE = {
			isa = PBXGroup;
			children = (
				784ACB4228594496001086AE /* Sprout */,
				784ACB4128594496001086AE /* Products */,
			);
			sourceTree = "<group>";
		};
		784ACB4128594496001086AE /* Products */ = {
			isa = PBXGroup;
			children = (
				784ACB4028594496001086AE /* Sprout.app */,
			);
			name = Products;
			sourceTree = "<group>";
		};
		784ACB4228594496001086AE /* Sprout */ = {
			isa = PBXGroup;
			children = (
				784ACB7828595A3E001086AE /* Info.plist */,
				784ACB5F28594596001086AE /* DTOs */,
				784ACB5E28594590001086AE /* Views */,
				784ACB5D28594572001086AE /* Screens */,
				784ACB5C2859456F001086AE /* ViewModels */,
				784ACB5B2859456D001086AE /* Utils */,
				784ACB5A28594569001086AE /* Extensions */,
				784ACB572859455D001086AE /* Services */,
				784ACB5628594555001086AE /* Manager */,
				784ACB4328594496001086AE /* SproutApp.swift */,
				784ACB4728594497001086AE /* Assets.xcassets */,
				784ACB4E28594497001086AE /* Sprout.xcdatamodeld */,
				784ACB4928594497001086AE /* Preview Content */,
			);
			path = Sprout;
			sourceTree = "<group>";
		};
		784ACB4928594497001086AE /* Preview Content */ = {
			isa = PBXGroup;
			children = (
				784ACB4A28594497001086AE /* Preview Assets.xcassets */,
			);
			path = "Preview Content";
			sourceTree = "<group>";
		};
		784ACB5628594555001086AE /* Manager */ = {
			isa = PBXGroup;
			children = (
				784ACB6228595043001086AE /* CoreDataManager.swift */,
			);
			path = Manager;
			sourceTree = "<group>";
		};
		784ACB572859455D001086AE /* Services */ = {
			isa = PBXGroup;
			children = (
				784ACB60285945C6001086AE /* Webservice.swift */,
			);
			path = Services;
			sourceTree = "<group>";
		};
		784ACB5A28594569001086AE /* Extensions */ = {
			isa = PBXGroup;
			children = (
				784ACB66285954A0001086AE /* Views+Extensions.swift */,
			);
			path = Extensions;
			sourceTree = "<group>";
		};
		784ACB5B2859456D001086AE /* Utils */ = {
			isa = PBXGroup;
			children = (
				784ACB64285953CA001086AE /* Constants.swift */,
			);
			path = Utils;
			sourceTree = "<group>";
		};
		784ACB5C2859456F001086AE /* ViewModels */ = {
			isa = PBXGroup;
			children = (
				784ACB762859590E001086AE /* VegetableListViewModel.swift */,
			);
			path = ViewModels;
			sourceTree = "<group>";
		};
		784ACB5D28594572001086AE /* Screens */ = {
			isa = PBXGroup;
			children = (
				784ACB7028595638001086AE /* VegetableListScreen.swift */,
				784ACB7228595681001086AE /* MainScreen.swift */,
				784ACB742859569C001086AE /* VegetableDetailScreen.swift */,
			);
			path = Screens;
			sourceTree = "<group>";
		};
		784ACB5E28594590001086AE /* Views */ = {
			isa = PBXGroup;
			children = (
				784ACB6A2859550C001086AE /* AboutUs.swift */,
				784ACB6C2859553A001086AE /* TwoColumnView.swift */,
				784ACB6E28595562001086AE /* DescriptionViews.swift */,
			);
			path = Views;
			sourceTree = "<group>";
		};
		784ACB5F28594596001086AE /* DTOs */ = {
			isa = PBXGroup;
			children = (
				784ACB68285954D0001086AE /* VegetableDTO.swift */,
			);
			path = DTOs;
			sourceTree = "<group>";
		};
/* End PBXGroup section */

/* Begin PBXNativeTarget section */
		784ACB3F28594496001086AE /* Sprout */ = {
			isa = PBXNativeTarget;
			buildConfigurationList = 784ACB5328594497001086AE /* Build configuration list for PBXNativeTarget "Sprout" */;
			buildPhases = (
				784ACB3C28594496001086AE /* Sources */,
				784ACB3D28594496001086AE /* Frameworks */,
				784ACB3E28594496001086AE /* Resources */,
			);
			buildRules = (
			);
			dependencies = (
			);
			name = Sprout;
			productName = Sprout;
			productReference = 784ACB4028594496001086AE /* Sprout.app */;
			productType = "com.apple.product-type.application";
		};
/* End PBXNativeTarget section */

/* Begin PBXProject section */
		784ACB3828594496001086AE /* Project object */ = {
			isa = PBXProject;
			attributes = {
				BuildIndependentTargetsInParallel = 1;
				LastSwiftUpdateCheck = 1340;
				LastUpgradeCheck = 1340;
				TargetAttributes = {
					784ACB3F28594496001086AE = {
						CreatedOnToolsVersion = 13.4.1;
					};
				};
			};
			buildConfigurationList = 784ACB3B28594496001086AE /* Build configuration list for PBXProject "Sprout" */;
			compatibilityVersion = "Xcode 13.0";
			developmentRegion = en;
			hasScannedForEncodings = 0;
			knownRegions = (
				en,
				Base,
			);
			mainGroup = 784ACB3728594496001086AE;
			productRefGroup = 784ACB4128594496001086AE /* Products */;
			projectDirPath = "";
			projectRoot = "";
			targets = (
				784ACB3F28594496001086AE /* Sprout */,
			);
		};
/* End PBXProject section */

/* Begin PBXResourcesBuildPhase section */
		784ACB3E28594496001086AE /* Resources */ = {
			isa = PBXResourcesBuildPhase;
			buildActionMask = 2147483647;
			files = (
				784ACB4B28594497001086AE /* Preview Assets.xcassets in Resources */,
				784ACB4828594497001086AE /* Assets.xcassets in Resources */,
			);
			runOnlyForDeploymentPostprocessing = 0;
		};
/* End PBXResourcesBuildPhase section */

/* Begin PBXSourcesBuildPhase section */
		784ACB3C28594496001086AE /* Sources */ = {
			isa = PBXSourcesBuildPhase;
			buildActionMask = 2147483647;
			files = (
				784ACB7328595681001086AE /* MainScreen.swift in Sources */,
				784ACB65285953CA001086AE /* Constants.swift in Sources */,
				784ACB6328595043001086AE /* CoreDataManager.swift in Sources */,
				784ACB69285954D0001086AE /* VegetableDTO.swift in Sources */,
				784ACB6B2859550C001086AE /* AboutUs.swift in Sources */,
				784ACB752859569C001086AE /* VegetableDetailScreen.swift in Sources */,
				784ACB67285954A0001086AE /* Views+Extensions.swift in Sources */,
				784ACB6F28595562001086AE /* DescriptionViews.swift in Sources */,
				784ACB7128595638001086AE /* VegetableListScreen.swift in Sources */,
				784ACB5028594497001086AE /* Sprout.xcdatamodeld in Sources */,
				784ACB772859590E001086AE /* VegetableListViewModel.swift in Sources */,
				784ACB61285945C6001086AE /* Webservice.swift in Sources */,
				784ACB6D2859553A001086AE /* TwoColumnView.swift in Sources */,
				784ACB4428594496001086AE /* SproutApp.swift in Sources */,
			);
			runOnlyForDeploymentPostprocessing = 0;
		};
/* End PBXSourcesBuildPhase section */

/* Begin XCBuildConfiguration section */
		784ACB5128594497001086AE /* Debug */ = {
			isa = XCBuildConfiguration;
			buildSettings = {
				ALWAYS_SEARCH_USER_PATHS = NO;
				CLANG_ANALYZER_NONNULL = YES;
				CLANG_ANALYZER_NUMBER_OBJECT_CONVERSION = YES_AGGRESSIVE;
				CLANG_CXX_LANGUAGE_STANDARD = "gnu++17";
				CLANG_ENABLE_MODULES = YES;
				CLANG_ENABLE_OBJC_ARC = YES;
				CLANG_ENABLE_OBJC_WEAK = YES;
				CLANG_WARN_BLOCK_CAPTURE_AUTORELEASING = YES;
				CLANG_WARN_BOOL_CONVERSION = YES;
				CLANG_WARN_COMMA = YES;
				CLANG_WARN_CONSTANT_CONVERSION = YES;
				CLANG_WARN_DEPRECATED_OBJC_IMPLEMENTATIONS = YES;
				CLANG_WARN_DIRECT_OBJC_ISA_USAGE = YES_ERROR;
				CLANG_WARN_DOCUMENTATION_COMMENTS = YES;
				CLANG_WARN_EMPTY_BODY = YES;
				CLANG_WARN_ENUM_CONVERSION = YES;
				CLANG_WARN_INFINITE_RECURSION = YES;
				CLANG_WARN_INT_CONVERSION = YES;
				CLANG_WARN_NON_LITERAL_NULL_CONVERSION = YES;
				CLANG_WARN_OBJC_IMPLICIT_RETAIN_SELF = YES;
				CLANG_WARN_OBJC_LITERAL_CONVERSION = YES;
				CLANG_WARN_OBJC_ROOT_CLASS = YES_ERROR;
				CLANG_WARN_QUOTED_INCLUDE_IN_FRAMEWORK_HEADER = YES;
				CLANG_WARN_RANGE_LOOP_ANALYSIS = YES;
				CLANG_WARN_STRICT_PROTOTYPES = YES;
				CLANG_WARN_SUSPICIOUS_MOVE = YES;
				CLANG_WARN_UNGUARDED_AVAILABILITY = YES_AGGRESSIVE;
				CLANG_WARN_UNREACHABLE_CODE = YES;
				CLANG_WARN__DUPLICATE_METHOD_MATCH = YES;
				COPY_PHASE_STRIP = NO;
				DEBUG_INFORMATION_FORMAT = dwarf;
				ENABLE_STRICT_OBJC_MSGSEND = YES;
				ENABLE_TESTABILITY = YES;
				GCC_C_LANGUAGE_STANDARD = gnu11;
				GCC_DYNAMIC_NO_PIC = NO;
				GCC_NO_COMMON_BLOCKS = YES;
				GCC_OPTIMIZATION_LEVEL = 0;
				GCC_PREPROCESSOR_DEFINITIONS = (
					"DEBUG=1",
					"$(inherited)",
				);
				GCC_WARN_64_TO_32_BIT_CONVERSION = YES;
				GCC_WARN_ABOUT_RETURN_TYPE = YES_ERROR;
				GCC_WARN_UNDECLARED_SELECTOR = YES;
				GCC_WARN_UNINITIALIZED_AUTOS = YES_AGGRESSIVE;
				GCC_WARN_UNUSED_FUNCTION = YES;
				GCC_WARN_UNUSED_VARIABLE = YES;
				IPHONEOS_DEPLOYMENT_TARGET = 15.5;
				MTL_ENABLE_DEBUG_INFO = INCLUDE_SOURCE;
				MTL_FAST_MATH = YES;
				ONLY_ACTIVE_ARCH = YES;
				SDKROOT = iphoneos;
				SWIFT_ACTIVE_COMPILATION_CONDITIONS = DEBUG;
				SWIFT_OPTIMIZATION_LEVEL = "-Onone";
			};
			name = Debug;
		};
		784ACB5228594497001086AE /* Release */ = {
			isa = XCBuildConfiguration;
			buildSettings = {
				ALWAYS_SEARCH_USER_PATHS = NO;
				CLANG_ANALYZER_NONNULL = YES;
				CLANG_ANALYZER_NUMBER_OBJECT_CONVERSION = YES_AGGRESSIVE;
				CLANG_CXX_LANGUAGE_STANDARD = "gnu++17";
				CLANG_ENABLE_MODULES = YES;
				CLANG_ENABLE_OBJC_ARC = YES;
				CLANG_ENABLE_OBJC_WEAK = YES;
				CLANG_WARN_BLOCK_CAPTURE_AUTORELEASING = YES;
				CLANG_WARN_BOOL_CONVERSION = YES;
				CLANG_WARN_COMMA = YES;
				CLANG_WARN_CONSTANT_CONVERSION = YES;
				CLANG_WARN_DEPRECATED_OBJC_IMPLEMENTATIONS = YES;
				CLANG_WARN_DIRECT_OBJC_ISA_USAGE = YES_ERROR;
				CLANG_WARN_DOCUMENTATION_COMMENTS = YES;
				CLANG_WARN_EMPTY_BODY = YES;
				CLANG_WARN_ENUM_CONVERSION = YES;
				CLANG_WARN_INFINITE_RECURSION = YES;
				CLANG_WARN_INT_CONVERSION = YES;
				CLANG_WARN_NON_LITERAL_NULL_CONVERSION = YES;
				CLANG_WARN_OBJC_IMPLICIT_RETAIN_SELF = YES;
				CLANG_WARN_OBJC_LITERAL_CONVERSION = YES;
				CLANG_WARN_OBJC_ROOT_CLASS = YES_ERROR;
				CLANG_WARN_QUOTED_INCLUDE_IN_FRAMEWORK_HEADER = YES;
				CLANG_WARN_RANGE_LOOP_ANALYSIS = YES;
				CLANG_WARN_STRICT_PROTOTYPES = YES;
				CLANG_WARN_SUSPICIOUS_MOVE = YES;
				CLANG_WARN_UNGUARDED_AVAILABILITY = YES_AGGRESSIVE;
				CLANG_WARN_UNREACHABLE_CODE = YES;
				CLANG_WARN__DUPLICATE_METHOD_MATCH = YES;
				COPY_PHASE_STRIP = NO;
				DEBUG_INFORMATION_FORMAT = "dwarf-with-dsym";
				ENABLE_NS_ASSERTIONS = NO;
				ENABLE_STRICT_OBJC_MSGSEND = YES;
				GCC_C_LANGUAGE_STANDARD = gnu11;
				GCC_NO_COMMON_BLOCKS = YES;
				GCC_WARN_64_TO_32_BIT_CONVERSION = YES;
				GCC_WARN_ABOUT_RETURN_TYPE = YES_ERROR;
				GCC_WARN_UNDECLARED_SELECTOR = YES;
				GCC_WARN_UNINITIALIZED_AUTOS = YES_AGGRESSIVE;
				GCC_WARN_UNUSED_FUNCTION = YES;
				GCC_WARN_UNUSED_VARIABLE = YES;
				IPHONEOS_DEPLOYMENT_TARGET = 15.5;
				MTL_ENABLE_DEBUG_INFO = NO;
				MTL_FAST_MATH = YES;
				SDKROOT = iphoneos;
				SWIFT_COMPILATION_MODE = wholemodule;
				SWIFT_OPTIMIZATION_LEVEL = "-O";
				VALIDATE_PRODUCT = YES;
			};
			name = Release;
		};
		784ACB5428594497001086AE /* Debug */ = {
			isa = XCBuildConfiguration;
			buildSettings = {
				ASSETCATALOG_COMPILER_APPICON_NAME = AppIcon;
				ASSETCATALOG_COMPILER_GLOBAL_ACCENT_COLOR_NAME = AccentColor;
				CODE_SIGN_STYLE = Automatic;
				CURRENT_PROJECT_VERSION = 1;
				DEVELOPMENT_ASSET_PATHS = "\"Sprout/Preview Content\"";
				DEVELOPMENT_TEAM = WXJ275SWUQ;
				ENABLE_PREVIEWS = YES;
				GENERATE_INFOPLIST_FILE = YES;
				INFOPLIST_FILE = Sprout/Info.plist;
				INFOPLIST_KEY_LSApplicationCategoryType = "";
				INFOPLIST_KEY_UIApplicationSceneManifest_Generation = YES;
				INFOPLIST_KEY_UIApplicationSupportsIndirectInputEvents = YES;
				INFOPLIST_KEY_UILaunchScreen_Generation = YES;
				INFOPLIST_KEY_UISupportedInterfaceOrientations_iPad = "UIInterfaceOrientationPortrait UIInterfaceOrientationPortraitUpsideDown UIInterfaceOrientationLandscapeLeft UIInterfaceOrientationLandscapeRight";
				INFOPLIST_KEY_UISupportedInterfaceOrientations_iPhone = "UIInterfaceOrientationPortrait UIInterfaceOrientationLandscapeLeft UIInterfaceOrientationLandscapeRight";
				LD_RUNPATH_SEARCH_PATHS = (
					"$(inherited)",
					"@executable_path/Frameworks",
				);
				MARKETING_VERSION = 1.0;
				PRODUCT_BUNDLE_IDENTIFIER = com.HarrisonKleiman.Sprout;
				PRODUCT_NAME = "$(TARGET_NAME)";
				SWIFT_EMIT_LOC_STRINGS = YES;
				SWIFT_VERSION = 5.0;
				TARGETED_DEVICE_FAMILY = "1,2";
			};
			name = Debug;
		};
		784ACB5528594497001086AE /* Release */ = {
			isa = XCBuildConfiguration;
			buildSettings = {
				ASSETCATALOG_COMPILER_APPICON_NAME = AppIcon;
				ASSETCATALOG_COMPILER_GLOBAL_ACCENT_COLOR_NAME = AccentColor;
				CODE_SIGN_STYLE = Automatic;
				CURRENT_PROJECT_VERSION = 1;
				DEVELOPMENT_ASSET_PATHS = "\"Sprout/Preview Content\"";
				DEVELOPMENT_TEAM = WXJ275SWUQ;
				ENABLE_PREVIEWS = YES;
				GENERATE_INFOPLIST_FILE = YES;
				INFOPLIST_FILE = Sprout/Info.plist;
				INFOPLIST_KEY_LSApplicationCategoryType = "";
				INFOPLIST_KEY_UIApplicationSceneManifest_Generation = YES;
				INFOPLIST_KEY_UIApplicationSupportsIndirectInputEvents = YES;
				INFOPLIST_KEY_UILaunchScreen_Generation = YES;
				INFOPLIST_KEY_UISupportedInterfaceOrientations_iPad = "UIInterfaceOrientationPortrait UIInterfaceOrientationPortraitUpsideDown UIInterfaceOrientationLandscapeLeft UIInterfaceOrientationLandscapeRight";
				INFOPLIST_KEY_UISupportedInterfaceOrientations_iPhone = "UIInterfaceOrientationPortrait UIInterfaceOrientationLandscapeLeft UIInterfaceOrientationLandscapeRight";
				LD_RUNPATH_SEARCH_PATHS = (
					"$(inherited)",
					"@executable_path/Frameworks",
				);
				MARKETING_VERSION = 1.0;
				PRODUCT_BUNDLE_IDENTIFIER = com.HarrisonKleiman.Sprout;
				PRODUCT_NAME = "$(TARGET_NAME)";
				SWIFT_EMIT_LOC_STRINGS = YES;
				SWIFT_VERSION = 5.0;
				TARGETED_DEVICE_FAMILY = "1,2";
			};
			name = Release;
		};
/* End XCBuildConfiguration section */

/* Begin XCConfigurationList section */
		784ACB3B28594496001086AE /* Build configuration list for PBXProject "Sprout" */ = {
			isa = XCConfigurationList;
			buildConfigurations = (
				784ACB5128594497001086AE /* Debug */,
				784ACB5228594497001086AE /* Release */,
			);
			defaultConfigurationIsVisible = 0;
			defaultConfigurationName = Release;
		};
		784ACB5328594497001086AE /* Build configuration list for PBXNativeTarget "Sprout" */ = {
			isa = XCConfigurationList;
			buildConfigurations = (
				784ACB5428594497001086AE /* Debug */,
				784ACB5528594497001086AE /* Release */,
			);
			defaultConfigurationIsVisible = 0;
			defaultConfigurationName = Release;
		};
/* End XCConfigurationList section */

/* Begin XCVersionGroup section */
		784ACB4E28594497001086AE /* Sprout.xcdatamodeld */ = {
			isa = XCVersionGroup;
			children = (
				784ACB4F28594497001086AE /* Sprout.xcdatamodel */,
			);
			currentVersion = 784ACB4F28594497001086AE /* Sprout.xcdatamodel */;
			path = Sprout.xcdatamodeld;
			sourceTree = "<group>";
			versionGroupType = wrapper.xcdatamodel;
		};
/* End XCVersionGroup section */
	};
	rootObject = 784ACB3828594496001086AE /* Project object */;
}
